// !$*UTF8*$!
{
	archiveVersion = 1;
	classes = {
	};
	objectVersion = 46;
	objects = {

/* Begin PBXBuildFile section */
		DEE6DB2B19F84AFC0021BED6 /* AppDelegate.swift in Sources */ = {isa = PBXBuildFile; fileRef = DEE6DB2A19F84AFC0021BED6 /* AppDelegate.swift */; };
		DEE6DB2D19F84AFC0021BED6 /* ViewController.swift in Sources */ = {isa = PBXBuildFile; fileRef = DEE6DB2C19F84AFC0021BED6 /* ViewController.swift */; };
		DEE6DB3019F84AFC0021BED6 /* Main.storyboard in Resources */ = {isa = PBXBuildFile; fileRef = DEE6DB2E19F84AFC0021BED6 /* Main.storyboard */; };
		DEE6DB3219F84AFC0021BED6 /* Images.xcassets in Resources */ = {isa = PBXBuildFile; fileRef = DEE6DB3119F84AFC0021BED6 /* Images.xcassets */; };
		DEE6DB3519F84AFC0021BED6 /* LaunchScreen.xib in Resources */ = {isa = PBXBuildFile; fileRef = DEE6DB3319F84AFC0021BED6 /* LaunchScreen.xib */; };
		DEE6DB4119F84AFC0021BED6 /* LemonadeStandSolutionTests.swift in Sources */ = {isa = PBXBuildFile; fileRef = DEE6DB4019F84AFC0021BED6 /* LemonadeStandSolutionTests.swift */; };
/* End PBXBuildFile section */

/* Begin PBXContainerItemProxy section */
		DEE6DB3B19F84AFC0021BED6 /* PBXContainerItemProxy */ = {
			isa = PBXContainerItemProxy;
			containerPortal = DEE6DB1D19F84AFB0021BED6 /* Project object */;
			proxyType = 1;
			remoteGlobalIDString = DEE6DB2419F84AFB0021BED6;
			remoteInfo = LemonadeStandSolution;
		};
/* End PBXContainerItemProxy section */

/* Begin PBXFileReference section */
		DEE6DB2519F84AFB0021BED6 /* LemonadeStandSolution.app */ = {isa = PBXFileReference; explicitFileType = wrapper.application; includeInIndex = 0; path = LemonadeStandSolution.app; sourceTree = BUILT_PRODUCTS_DIR; };
		DEE6DB2919F84AFC0021BED6 /* Info.plist */ = {isa = PBXFileReference; lastKnownFileType = text.plist.xml; path = Info.plist; sourceTree = "<group>"; };
		DEE6DB2A19F84AFC0021BED6 /* AppDelegate.swift */ = {isa = PBXFileReference; lastKnownFileType = sourcecode.swift; path = AppDelegate.swift; sourceTree = "<group>"; };
		DEE6DB2C19F84AFC0021BED6 /* ViewController.swift */ = {isa = PBXFileReference; lastKnownFileType = sourcecode.swift; path = ViewController.swift; sourceTree = "<group>"; };
		DEE6DB2F19F84AFC0021BED6 /* Base */ = {isa = PBXFileReference; lastKnownFileType = file.storyboard; name = Base; path = Base.lproj/Main.storyboard; sourceTree = "<group>"; };
		DEE6DB3119F84AFC0021BED6 /* Images.xcassets */ = {isa = PBXFileReference; lastKnownFileType = folder.assetcatalog; path = Images.xcassets; sourceTree = "<group>"; };
		DEE6DB3419F84AFC0021BED6 /* Base */ = {isa = PBXFileReference; lastKnownFileType = file.xib; name = Base; path = Base.lproj/LaunchScreen.xib; sourceTree = "<group>"; };
		DEE6DB3A19F84AFC0021BED6 /* LemonadeStandSolutionTests.xctest */ = {isa = PBXFileReference; explicitFileType = wrapper.cfbundle; includeInIndex = 0; path = LemonadeStandSolutionTests.xctest; sourceTree = BUILT_PRODUCTS_DIR; };
		DEE6DB3F19F84AFC0021BED6 /* Info.plist */ = {isa = PBXFileReference; lastKnownFileType = text.plist.xml; path = Info.plist; sourceTree = "<group>"; };
		DEE6DB4019F84AFC0021BED6 /* LemonadeStandSolutionTests.swift */ = {isa = PBXFileReference; lastKnownFileType = sourcecode.swift; path = LemonadeStandSolutionTests.swift; sourceTree = "<group>"; };
/* End PBXFileReference section */

/* Begin PBXFrameworksBuildPhase section */
		DEE6DB2219F84AFB0021BED6 /* Frameworks */ = {
			isa = PBXFrameworksBuildPhase;
			buildActionMask = 2147483647;
			files = (
			);
			runOnlyForDeploymentPostprocessing = 0;
		};
		DEE6DB3719F84AFC0021BED6 /* Frameworks */ = {
			isa = PBXFrameworksBuildPhase;
			buildActionMask = 2147483647;
			files = (
			);
			runOnlyForDeploymentPostprocessing = 0;
		};
/* End PBXFrameworksBuildPhase section */

/* Begin PBXGroup section */
		DEE6DB1C19F84AFB0021BED6 = {
			isa = PBXGroup;
			children = (
				DEE6DB2719F84AFB0021BED6 /* LemonadeStandSolution */,
				DEE6DB3D19F84AFC0021BED6 /* LemonadeStandSolutionTests */,
				DEE6DB2619F84AFB0021BED6 /* Products */,
			);
			sourceTree = "<group>";
		};
		DEE6DB2619F84AFB0021BED6 /* Products */ = {
			isa = PBXGroup;
			children = (
				DEE6DB2519F84AFB0021BED6 /* LemonadeStandSolution.app */,
				DEE6DB3A19F84AFC0021BED6 /* LemonadeStandSolutionTests.xctest */,
			);
			name = Products;
			sourceTree = "<group>";
		};
		DEE6DB2719F84AFB0021BED6 /* LemonadeStandSolution */ = {
			isa = PBXGroup;
			children = (
				DEE6DB2A19F84AFC0021BED6 /* AppDelegate.swift */,
				DEE6DB2C19F84AFC0021BED6 /* ViewController.swift */,
				DEE6DB2E19F84AFC0021BED6 /* Main.storyboard */,
				DEE6DB3119F84AFC0021BED6 /* Images.xcassets */,
				DEE6DB3319F84AFC0021BED6 /* LaunchScreen.xib */,
				DEE6DB2819F84AFB0021BED6 /* Supporting Files */,
			);
			path = LemonadeStandSolution;
			sourceTree = "<group>";
		};
		DEE6DB2819F84AFB0021BED6 /* Supporting Files */ = {
			isa = PBXGroup;
			children = (
				DEE6DB2919F84AFC0021BED6 /* Info.plist */,
			);
			name = "Supporting Files";
			sourceTree = "<group>";
		};
		DEE6DB3D19F84AFC0021BED6 /* LemonadeStandSolutionTests */ = {
			isa = PBXGroup;
			children = (
				DEE6DB4019F84AFC0021BED6 /* LemonadeStandSolutionTests.swift */,
				DEE6DB3E19F84AFC0021BED6 /* Supporting Files */,
			);
			path = LemonadeStandSolutionTests;
			sourceTree = "<group>";
		};
		DEE6DB3E19F84AFC0021BED6 /* Supporting Files */ = {
			isa = PBXGroup;
			children = (
				DEE6DB3F19F84AFC0021BED6 /* Info.plist */,
			);
			name = "Supporting Files";
			sourceTree = "<group>";
		};
/* End PBXGroup section */

/* Begin PBXNativeTarget section */
		DEE6DB2419F84AFB0021BED6 /* LemonadeStandSolution */ = {
			isa = PBXNativeTarget;
			buildConfigurationList = DEE6DB4419F84AFC0021BED6 /* Build configuration list for PBXNativeTarget "LemonadeStandSolution" */;
			buildPhases = (
				DEE6DB2119F84AFB0021BED6 /* Sources */,
				DEE6DB2219F84AFB0021BED6 /* Frameworks */,
				DEE6DB2319F84AFB0021BED6 /* Resources */,
			);
			buildRules = (
			);
			dependencies = (
			);
			name = LemonadeStandSolution;
			productName = LemonadeStandSolution;
			productReference = DEE6DB2519F84AFB0021BED6 /* LemonadeStandSolution.app */;
			productType = "com.apple.product-type.application";
		};
		DEE6DB3919F84AFC0021BED6 /* LemonadeStandSolutionTests */ = {
			isa = PBXNativeTarget;
			buildConfigurationList = DEE6DB4719F84AFC0021BED6 /* Build configuration list for PBXNativeTarget "LemonadeStandSolutionTests" */;
			buildPhases = (
				DEE6DB3619F84AFC0021BED6 /* Sources */,
				DEE6DB3719F84AFC0021BED6 /* Frameworks */,
				DEE6DB3819F84AFC0021BED6 /* Resources */,
			);
			buildRules = (
			);
			dependencies = (
				DEE6DB3C19F84AFC0021BED6 /* PBXTargetDependency */,
			);
			name = LemonadeStandSolutionTests;
			productName = LemonadeStandSolutionTests;
			productReference = DEE6DB3A19F84AFC0021BED6 /* LemonadeStandSolutionTests.xctest */;
			productType = "com.apple.product-type.bundle.unit-test";
		};
/* End PBXNativeTarget section */

/* Begin PBXProject section */
		DEE6DB1D19F84AFB0021BED6 /* Project object */ = {
			isa = PBXProject;
			attributes = {
				LastUpgradeCheck = 0610;
				ORGANIZATIONNAME = "Tony Morales";
				TargetAttributes = {
					DEE6DB2419F84AFB0021BED6 = {
						CreatedOnToolsVersion = 6.1;
					};
					DEE6DB3919F84AFC0021BED6 = {
						CreatedOnToolsVersion = 6.1;
						TestTargetID = DEE6DB2419F84AFB0021BED6;
					};
				};
			};
			buildConfigurationList = DEE6DB2019F84AFB0021BED6 /* Build configuration list for PBXProject "LemonadeStandSolution" */;
			compatibilityVersion = "Xcode 3.2";
			developmentRegion = English;
			hasScannedForEncodings = 0;
			knownRegions = (
				en,
				Base,
			);
			mainGroup = DEE6DB1C19F84AFB0021BED6;
			productRefGroup = DEE6DB2619F84AFB0021BED6 /* Products */;
			projectDirPath = "";
			projectRoot = "";
			targets = (
				DEE6DB2419F84AFB0021BED6 /* LemonadeStandSolution */,
				DEE6DB3919F84AFC0021BED6 /* LemonadeStandSolutionTests */,
			);
		};
/* End PBXProject section */

/* Begin PBXResourcesBuildPhase section */
		DEE6DB2319F84AFB0021BED6 /* Resources */ = {
			isa = PBXResourcesBuildPhase;
			buildActionMask = 2147483647;
			files = (
				DEE6DB3019F84AFC0021BED6 /* Main.storyboard in Resources */,
				DEE6DB3519F84AFC0021BED6 /* LaunchScreen.xib in Resources */,
				DEE6DB3219F84AFC0021BED6 /* Images.xcassets in Resources */,
			);
			runOnlyForDeploymentPostprocessing = 0;
		};
		DEE6DB3819F84AFC0021BED6 /* Resources */ = {
			isa = PBXResourcesBuildPhase;
			buildActionMask = 2147483647;
			files = (
			);
			runOnlyForDeploymentPostprocessing = 0;
		};
/* End PBXResourcesBuildPhase section */

/* Begin PBXSourcesBuildPhase section */
		DEE6DB2119F84AFB0021BED6 /* Sources */ = {
			isa = PBXSourcesBuildPhase;
			buildActionMask = 2147483647;
			files = (
				DEE6DB2D19F84AFC0021BED6 /* ViewController.swift in Sources */,
				DEE6DB2B19F84AFC0021BED6 /* AppDelegate.swift in Sources */,
			);
			runOnlyForDeploymentPostprocessing = 0;
		};
		DEE6DB3619F84AFC0021BED6 /* Sources */ = {
			isa = PBXSourcesBuildPhase;
			buildActionMask = 2147483647;
			files = (
				DEE6DB4119F84AFC0021BED6 /* LemonadeStandSolutionTests.swift in Sources */,
			);
			runOnlyForDeploymentPostprocessing = 0;
		};
/* End PBXSourcesBuildPhase section */

/* Begin PBXTargetDependency section */
		DEE6DB3C19F84AFC0021BED6 /* PBXTargetDependency */ = {
			isa = PBXTargetDependency;
			target = DEE6DB2419F84AFB0021BED6 /* LemonadeStandSolution */;
			targetProxy = DEE6DB3B19F84AFC0021BED6 /* PBXContainerItemProxy */;
		};
/* End PBXTargetDependency section */

/* Begin PBXVariantGroup section */
		DEE6DB2E19F84AFC0021BED6 /* Main.storyboard */ = {
			isa = PBXVariantGroup;
			children = (
				DEE6DB2F19F84AFC0021BED6 /* Base */,
			);
			name = Main.storyboard;
			sourceTree = "<group>";
		};
		DEE6DB3319F84AFC0021BED6 /* LaunchScreen.xib */ = {
			isa = PBXVariantGroup;
			children = (
				DEE6DB3419F84AFC0021BED6 /* Base */,
			);
			name = LaunchScreen.xib;
			sourceTree = "<group>";
		};
/* End PBXVariantGroup section */

/* Begin XCBuildConfiguration section */
		DEE6DB4219F84AFC0021BED6 /* Debug */ = {
			isa = XCBuildConfiguration;
			buildSettings = {
				ALWAYS_SEARCH_USER_PATHS = NO;
				CLANG_CXX_LANGUAGE_STANDARD = "gnu++0x";
				CLANG_CXX_LIBRARY = "libc++";
				CLANG_ENABLE_MODULES = YES;
				CLANG_ENABLE_OBJC_ARC = YES;
				CLANG_WARN_BOOL_CONVERSION = YES;
				CLANG_WARN_CONSTANT_CONVERSION = YES;
				CLANG_WARN_DIRECT_OBJC_ISA_USAGE = YES_ERROR;
				CLANG_WARN_EMPTY_BODY = YES;
				CLANG_WARN_ENUM_CONVERSION = YES;
				CLANG_WARN_INT_CONVERSION = YES;
				CLANG_WARN_OBJC_ROOT_CLASS = YES_ERROR;
				CLANG_WARN_UNREACHABLE_CODE = YES;
				CLANG_WARN__DUPLICATE_METHOD_MATCH = YES;
				"CODE_SIGN_IDENTITY[sdk=iphoneos*]" = "iPhone Developer";
				COPY_PHASE_STRIP = NO;
				ENABLE_STRICT_OBJC_MSGSEND = YES;
				GCC_C_LANGUAGE_STANDARD = gnu99;
				GCC_DYNAMIC_NO_PIC = NO;
				GCC_OPTIMIZATION_LEVEL = 0;
				GCC_PREPROCESSOR_DEFINITIONS = (
					"DEBUG=1",
					"$(inherited)",
				);
				GCC_SYMBOLS_PRIVATE_EXTERN = NO;
				GCC_WARN_64_TO_32_BIT_CONVERSION = YES;
				GCC_WARN_ABOUT_RETURN_TYPE = YES_ERROR;
				GCC_WARN_UNDECLARED_SELECTOR = YES;
				GCC_WARN_UNINITIALIZED_AUTOS = YES_AGGRESSIVE;
				GCC_WARN_UNUSED_FUNCTION = YES;
				GCC_WARN_UNUSED_VARIABLE = YES;
				IPHONEOS_DEPLOYMENT_TARGET = 8.1;
				MTL_ENABLE_DEBUG_INFO = YES;
				ONLY_ACTIVE_ARCH = YES;
				SDKROOT = iphoneos;
				SWIFT_OPTIMIZATION_LEVEL = "-Onone";
			};
			name = Debug;
		};
		DEE6DB4319F84AFC0021BED6 /* Release */ = {
			isa = XCBuildConfiguration;
			buildSettings = {
				ALWAYS_SEARCH_USER_PATHS = NO;
				CLANG_CXX_LANGUAGE_STANDARD = "gnu++0x";
				CLANG_CXX_LIBRARY = "libc++";
				CLANG_ENABLE_MODULES = YES;
				CLANG_ENABLE_OBJC_ARC = YES;
				CLANG_WARN_BOOL_CONVERSION = YES;
				CLANG_WARN_CONSTANT_CONVERSION = YES;
				CLANG_WARN_DIRECT_OBJC_ISA_USAGE = YES_ERROR;
				CLANG_WARN_EMPTY_BODY = YES;
				CLANG_WARN_ENUM_CONVERSION = YES;
				CLANG_WARN_INT_CONVERSION = YES;
				CLANG_WARN_OBJC_ROOT_CLASS = YES_ERROR;
				CLANG_WARN_UNREACHABLE_CODE = YES;
				CLANG_WARN__DUPLICATE_METHOD_MATCH = YES;
				"CODE_SIGN_IDENTITY[sdk=iphoneos*]" = "iPhone Developer";
				COPY_PHASE_STRIP = YES;
				ENABLE_NS_ASSERTIONS = NO;
				ENABLE_STRICT_OBJC_MSGSEND = YES;
				GCC_C_LANGUAGE_STANDARD = gnu99;
				GCC_WARN_64_TO_32_BIT_CONVERSION = YES;
				GCC_WARN_ABOUT_RETURN_TYPE = YES_ERROR;
				GCC_WARN_UNDECLARED_SELECTOR = YES;
				GCC_WARN_UNINITIALIZED_AUTOS = YES_AGGRESSIVE;
				GCC_WARN_UNUSED_FUNCTION = YES;
				GCC_WARN_UNUSED_VARIABLE = YES;
				IPHONEOS_DEPLOYMENT_TARGET = 8.1;
				MTL_ENABLE_DEBUG_INFO = NO;
				SDKROOT = iphoneos;
				VALIDATE_PRODUCT = YES;
			};
			name = Release;
		};
		DEE6DB4519F84AFC0021BED6 /* Debug */ = {
			isa = XCBuildConfiguration;
			buildSettings = {
				ASSETCATALOG_COMPILER_APPICON_NAME = AppIcon;
				INFOPLIST_FILE = LemonadeStandSolution/Info.plist;
				LD_RUNPATH_SEARCH_PATHS = "$(inherited) @executable_path/Frameworks";
				PRODUCT_NAME = "$(TARGET_NAME)";
			};
			name = Debug;
		};
		DEE6DB4619F84AFC0021BED6 /* Release */ = {
			isa = XCBuildConfiguration;
			buildSettings = {
				ASSETCATALOG_COMPILER_APPICON_NAME = AppIcon;
				INFOPLIST_FILE = LemonadeStandSolution/Info.plist;
				LD_RUNPATH_SEARCH_PATHS = "$(inherited) @executable_path/Frameworks";
				PRODUCT_NAME = "$(TARGET_NAME)";
			};
			name = Release;
		};
		DEE6DB4819F84AFC0021BED6 /* Debug */ = {
			isa = XCBuildConfiguration;
			buildSettings = {
				BUNDLE_LOADER = "$(TEST_HOST)";
				FRAMEWORK_SEARCH_PATHS = (
					"$(SDKROOT)/Developer/Library/Frameworks",
					"$(inherited)",
				);
				GCC_PREPROCESSOR_DEFINITIONS = (
					"DEBUG=1",
					"$(inherited)",
				);
				INFOPLIST_FILE = LemonadeStandSolutionTests/Info.plist;
				LD_RUNPATH_SEARCH_PATHS = "$(inherited) @executable_path/Frameworks @loader_path/Frameworks";
				PRODUCT_NAME = "$(TARGET_NAME)";
				TEST_HOST = "$(BUILT_PRODUCTS_DIR)/LemonadeStandSolution.app/LemonadeStandSolution";
			};
			name = Debug;
		};
		DEE6DB4919F84AFC0021BED6 /* Release */ = {
			isa = XCBuildConfiguration;
			buildSettings = {
				BUNDLE_LOADER = "$(TEST_HOST)";
				FRAMEWORK_SEARCH_PATHS = (
					"$(SDKROOT)/Developer/Library/Frameworks",
					"$(inherited)",
				);
				INFOPLIST_FILE = LemonadeStandSolutionTests/Info.plist;
				LD_RUNPATH_SEARCH_PATHS = "$(inherited) @executable_path/Frameworks @loader_path/Frameworks";
				PRODUCT_NAME = "$(TARGET_NAME)";
				TEST_HOST = "$(BUILT_PRODUCTS_DIR)/LemonadeStandSolution.app/LemonadeStandSolution";
			};
			name = Release;
		};
/* End XCBuildConfiguration section */

/* Begin XCConfigurationList section */
		DEE6DB2019F84AFB0021BED6 /* Build configuration list for PBXProject "LemonadeStandSolution" */ = {
			isa = XCConfigurationList;
			buildConfigurations = (
				DEE6DB4219F84AFC0021BED6 /* Debug */,
				DEE6DB4319F84AFC0021BED6 /* Release */,
			);
			defaultConfigurationIsVisible = 0;
			defaultConfigurationName = Release;
		};
		DEE6DB4419F84AFC0021BED6 /* Build configuration list for PBXNativeTarget "LemonadeStandSolution" */ = {
			isa = XCConfigurationList;
			buildConfigurations = (
				DEE6DB4519F84AFC0021BED6 /* Debug */,
				DEE6DB4619F84AFC0021BED6 /* Release */,
			);
			defaultConfigurationIsVisible = 0;
		};
		DEE6DB4719F84AFC0021BED6 /* Build configuration list for PBXNativeTarget "LemonadeStandSolutionTests" */ = {
			isa = XCConfigurationList;
			buildConfigurations = (
				DEE6DB4819F84AFC0021BED6 /* Debug */,
				DEE6DB4919F84AFC0021BED6 /* Release */,
			);
			defaultConfigurationIsVisible = 0;
		};
/* End XCConfigurationList section */
	};
	rootObject = DEE6DB1D19F84AFB0021BED6 /* Project object */;
}
